
Microsoft Visual Studio Solution File, Format Version 12.00
# Visual Studio Version 16
VisualStudioVersion = 16.0.30011.22
MinimumVisualStudioVersion = 10.0.40219.1
Project("{9A19103F-16F7-4668-BE54-9A1E7A4F7556}") = "BuildProtobuf", "BuildProtobuf\BuildProtobuf.csproj", "{C88C3815-68F8-4C62-9FCE-31C481401BB3}"
EndProject
Project("{9A19103F-16F7-4668-BE54-9A1E7A4F7556}") = "BuildProtobuf.Test", "BuildProtobuf.Test\BuildProtobuf.Test.csproj", "{71A62D17-D567-4639-88E1-E3327E14006A}"
EndProject
Global
	GlobalSection(SolutionConfigurationPlatforms) = preSolution
		Debug|Any CPU = Debug|Any CPU
		Release|Any CPU = Release|Any CPU
	EndGlobalSection
	GlobalSection(ProjectConfigurationPlatforms) = postSolution
		{C88C3815-68F8-4C62-9FCE-31C481401BB3}.Debug|Any CPU.ActiveCfg = Debug|Any CPU
		{C88C3815-68F8-4C62-9FCE-31C481401BB3}.Debug|Any CPU.Build.0 = Debug|Any CPU
		{C88C3815-68F8-4C62-9FCE-31C481401BB3}.Release|Any CPU.ActiveCfg = Release|Any CPU
		{C88C3815-68F8-4C62-9FCE-31C481401BB3}.Release|Any CPU.Build.0 = Release|Any CPU
		{71A62D17-D567-4639-88E1-E3327E14006A}.Debug|Any CPU.ActiveCfg = Debug|Any CPU
		{71A62D17-D567-4639-88E1-E3327E14006A}.Debug|Any CPU.Build.0 = Debug|Any CPU
		{71A62D17-D567-4639-88E1-E3327E14006A}.Release|Any CPU.ActiveCfg = Release|Any CPU
		{71A62D17-D567-4639-88E1-E3327E14006A}.Release|Any CPU.Build.0 = Release|Any CPU
	EndGlobalSection
	GlobalSection(SolutionProperties) = preSolution
		HideSolutionNode = FALSE
	EndGlobalSection
	GlobalSection(ExtensibilityGlobals) = postSolution
		SolutionGuid = {25AA3314-4CA8-4EE7-9A4B-D81A71980464}
	EndGlobalSection
EndGlobal
